{
  "version": 4,
  "terraform_version": "1.10.5",
  "serial": 6,
  "lineage": "efc1df47-f052-49aa-40e9-18e01e7f8914",
  "outputs": {
    "backend_repository_url": {
      "value": "637423222780.dkr.ecr.us-east-1.amazonaws.com/cloud-cost-optimizer-backend",
      "type": "string"
    },
    "build_and_push_commands": {
      "value": "# Build and push backend image\ndocker build -t 637423222780.dkr.ecr.us-east-1.amazonaws.com/cloud-cost-optimizer-backend:latest -f Dockerfile.backend .\naws ecr get-login-password --region us-east-1 | docker login --username AWS --password-stdin 637423222780.dkr.ecr.us-east-1.amazonaws.com/cloud-cost-optimizer-backend\ndocker push 637423222780.dkr.ecr.us-east-1.amazonaws.com/cloud-cost-optimizer-backend:latest\n\n# Build and push frontend image\ncd src/ui/dashboard\ndocker build -t 637423222780.dkr.ecr.us-east-1.amazonaws.com/cloud-cost-optimizer-frontend:latest -f Dockerfile.frontend .\naws ecr get-login-password --region us-east-1 | docker login --username AWS --password-stdin 637423222780.dkr.ecr.us-east-1.amazonaws.com/cloud-cost-optimizer-frontend\ndocker push 637423222780.dkr.ecr.us-east-1.amazonaws.com/cloud-cost-optimizer-frontend:latest\n",
      "type": "string"
    },
    "cost_optimizer_role_arn": {
      "value": "arn:aws:iam::637423222780:role/cloud-cost-optimizer-role",
      "type": "string"
    },
    "deploy_commands": {
      "value": "# Update the image URLs in the kustomization config\ncd k8s-manifests/overlays/production\nsed -i 's|your-registry/cloud-cost-optimizer-backend:latest|637423222780.dkr.ecr.us-east-1.amazonaws.com/cloud-cost-optimizer-backend:latest|g' kustomization.yaml\nsed -i 's|your-registry/cloud-cost-optimizer-frontend:latest|637423222780.dkr.ecr.us-east-1.amazonaws.com/cloud-cost-optimizer-frontend:latest|g' kustomization.yaml\n\n# Update the service account annotation with the IAM role\nsed -i 's|eks.amazonaws.com/role-arn: .*|eks.amazonaws.com/role-arn: arn:aws:iam::637423222780:role/cloud-cost-optimizer-role|g' ../../base/service-account.yaml\n\n# Apply the Kubernetes manifests\nkubectl apply -k .\n\n# Check deployment status\nkubectl get pods -n cloud-cost-optimizer\nkubectl get svc -n cloud-cost-optimizer\n",
      "type": "string"
    },
    "frontend_repository_url": {
      "value": "637423222780.dkr.ecr.us-east-1.amazonaws.com/cloud-cost-optimizer-frontend",
      "type": "string"
    },
    "kubectl_config_command": {
      "value": "aws eks update-kubeconfig --region us-east-1 --name PrimusAllCluster",
      "type": "string"
    }
  },
  "resources": [
    {
      "mode": "data",
      "type": "aws_caller_identity",
      "name": "current",
      "provider": "provider[\"registry.terraform.io/hashicorp/aws\"]",
      "instances": [
        {
          "schema_version": 0,
          "attributes": {
            "account_id": "637423222780",
            "arn": "arn:aws:iam::637423222780:user/primuslearning-user",
            "id": "637423222780",
            "user_id": "AIDAZI2LCP76ELM4Q5CX4"
          },
          "sensitive_attributes": []
        }
      ]
    },
    {
      "mode": "data",
      "type": "aws_eks_cluster",
      "name": "existing",
      "provider": "provider[\"registry.terraform.io/hashicorp/aws\"]",
      "instances": [
        {
          "schema_version": 0,
          "attributes": {
            "access_config": [
              {
                "authentication_mode": "API_AND_CONFIG_MAP",
                "bootstrap_cluster_creator_admin_permissions": true
              }
            ],
            "arn": "arn:aws:eks:us-east-1:637423222780:cluster/PrimusAllCluster",
            "certificate_authority": [
              {
                "data": "LS0tLS1CRUdJTiBDRVJUSUZJQ0FURS0tLS0tCk1JSURCVENDQWUyZ0F3SUJBZ0lJS1M2Zm9CQUhhd2t3RFFZSktvWklodmNOQVFFTEJRQXdGVEVUTUJFR0ExVUUKQXhNS2EzVmlaWEp1WlhSbGN6QWVGdzB5TlRBMU1qRXlNekl6TlRSYUZ3MHpOVEExTVRreU16STROVFJhTUJVeApFekFSQmdOVkJBTVRDbXQxWW1WeWJtVjBaWE13Z2dFaU1BMEdDU3FHU0liM0RRRUJBUVVBQTRJQkR3QXdnZ0VLCkFvSUJBUUN2dmZNSC9sdzhMMW95TWw5ZDRkSWFOV296NHFNQy9SamMxdWVKSExUazRPaDlVRE1RVnRLK3YxUWMKRG11WnRwSG5maER2UzdpTmk5bDVSR1lLRTNiVzlSREl6RVZmcGdNdlNHUXhmeHJLdzhVVWhQK2kweFJ0V1JqaQpLcTBLT0N3OGZVaEppUW1GQytpUlJHZWoyS3BvbDJVWGdLOHpjK0hXajhaQ3BabzFPWiswK2EzMDJ0L0VXZFFPCnBqM01La2xqK0psRk9kalA3SWpoZVNMS3gzTlRkWXV6MGhyMjljeEM0L0pjL0ZOZEZNVXMwNG9pVy9DbnBtN0UKNGFvRHAzaVoxSjBUUnNDYmZJWnVoaVM5VzRiVDR2NWI4Y0VYTXpseHY5bWk0WEhOL250NWlXOXROVkZhcjRhZgpRZXE4dTVWY1dCaDIzNGhDTGV3REo2YWhGTnBWQWdNQkFBR2pXVEJYTUE0R0ExVWREd0VCL3dRRUF3SUNwREFQCkJnTlZIUk1CQWY4RUJUQURBUUgvTUIwR0ExVWREZ1FXQkJSSTRoS1EzVVUyQXUxaitxYWNEMDJwdmcrNnZEQVYKQmdOVkhSRUVEakFNZ2dwcmRXSmxjbTVsZEdWek1BMEdDU3FHU0liM0RRRUJDd1VBQTRJQkFRQitBbFdrdEk4Qgp4bHoySmFTbHVXVjJXL29YN2E3SUFQNkJWSzEwWVh6WTlzNXdXelpzYjBQK2VNWHRsZXNjaW8zck14eldVanJkCmpmRzFiZmhNamY4UzdVR3FOWFU4eHRJdUdXNnU2N3g3dHFncE1WMTFaeXJZQnpOYVRhbXJoWTJDQTB4RXVwZXQKSmFJMHM5VWhuamJ0c0lTNSs5aENIdHpUQ0o1dEp2aXI2L0NXWkQxVjRpMWJ2SVhjdzBTN1puYi85Q3Y3V2t6Vgo0SnFNK2M2ZzJVQWw4Z2VRSDRUVzZKMCtZUEF4dmpoZTVvYVI4UVFBY2c1YktLakpjengwUWJmSkZmb3FoZEZ5CmdpeXp0M3JTRXRMSHZOOTUwdld2YzBpVkFJVHB5K3NEQU1TNkgyU1dxTFJ3YTFMZURNMGhTQ0xleFVHR3pVeUcKMmdZVmt1d1JEVUl2Ci0tLS0tRU5EIENFUlRJRklDQVRFLS0tLS0K"
              }
            ],
            "cluster_id": null,
            "compute_config": [],
            "created_at": "2025-05-21T23:24:20Z",
            "enabled_cluster_log_types": [
              "api",
              "audit",
              "authenticator",
              "controllerManager",
              "scheduler"
            ],
            "endpoint": "https://7EB3ADDB5F481D3B392B89B6D6F32B64.sk1.us-east-1.eks.amazonaws.com",
            "id": "PrimusAllCluster",
            "identity": [
              {
                "oidc": [
                  {
                    "issuer": "https://oidc.eks.us-east-1.amazonaws.com/id/7EB3ADDB5F481D3B392B89B6D6F32B64"
                  }
                ]
              }
            ],
            "kubernetes_network_config": [
              {
                "elastic_load_balancing": [
                  {
                    "enabled": false
                  }
                ],
                "ip_family": "ipv4",
                "service_ipv4_cidr": "10.100.0.0/16",
                "service_ipv6_cidr": ""
              }
            ],
            "name": "PrimusAllCluster",
            "outpost_config": [],
            "platform_version": "eks.37",
            "remote_network_config": [],
            "role_arn": "arn:aws:iam::637423222780:role/eksctl-PrimusAllCluster-cluster-ServiceRole-RMYJWFaiHNBH",
            "status": "ACTIVE",
            "storage_config": [],
            "tags": {
              "Name": "eksctl-PrimusAllCluster-cluster/ControlPlane",
              "alpha.eksctl.io/cluster-name": "PrimusAllCluster",
              "alpha.eksctl.io/cluster-oidc-enabled": "true",
              "alpha.eksctl.io/eksctl-version": "0.206.0",
              "eksctl.cluster.k8s.io/v1alpha1/cluster-name": "PrimusAllCluster"
            },
            "upgrade_policy": [
              {
                "support_type": "EXTENDED"
              }
            ],
            "version": "1.29",
            "vpc_config": [
              {
                "cluster_security_group_id": "sg-06e327b7c2ec5b504",
                "endpoint_private_access": false,
                "endpoint_public_access": true,
                "public_access_cidrs": [
                  "0.0.0.0/0"
                ],
                "security_group_ids": [
                  "sg-04aea717ec19f3dc1"
                ],
                "subnet_ids": [
                  "subnet-00c81dd52282c2ed4",
                  "subnet-01dcb5694aaf7b40a",
                  "subnet-05633a3e9f2eb95d7",
                  "subnet-09eb64845ed25fac7"
                ],
                "vpc_id": "vpc-0a74f07c6cf625df2"
              }
            ],
            "zonal_shift_config": []
          },
          "sensitive_attributes": []
        }
      ]
    },
    {
      "mode": "data",
      "type": "aws_eks_cluster_auth",
      "name": "existing",
      "provider": "provider[\"registry.terraform.io/hashicorp/aws\"]",
      "instances": [
        {
          "schema_version": 0,
          "attributes": {
            "id": "PrimusAllCluster",
            "name": "PrimusAllCluster",
            "token": "k8s-aws-v1.aHR0cHM6Ly9zdHMudXMtZWFzdC0xLmFtYXpvbmF3cy5jb20vP0FjdGlvbj1HZXRDYWxsZXJJZGVudGl0eSZWZXJzaW9uPTIwMTEtMDYtMTUmWC1BbXotQWxnb3JpdGhtPUFXUzQtSE1BQy1TSEEyNTYmWC1BbXotQ3JlZGVudGlhbD1BS0lBWkkyTENQNzZDUTdFTEdERSUyRjIwMjUwNTIxJTJGdXMtZWFzdC0xJTJGc3RzJTJGYXdzNF9yZXF1ZXN0JlgtQW16LURhdGU9MjAyNTA1MjFUMjM0MDI1WiZYLUFtei1FeHBpcmVzPTAmWC1BbXotU2lnbmVkSGVhZGVycz1ob3N0JTNCeC1rOHMtYXdzLWlkJlgtQW16LVNpZ25hdHVyZT1mNmI4MDI3MWJhOGFkMTg5ZTJkMjc0NWQ0NDg5ZWYzMTRmYjNkOTI2ZmZkOGQyOWU2ODQ4OWIwYjRlMjBjNzRh"
          },
          "sensitive_attributes": [
            [
              {
                "type": "get_attr",
                "value": "token"
              }
            ]
          ]
        }
      ]
    },
    {
      "mode": "managed",
      "type": "aws_ecr_repository",
      "name": "backend",
      "provider": "provider[\"registry.terraform.io/hashicorp/aws\"]",
      "instances": [
        {
          "schema_version": 0,
          "attributes": {
            "arn": "arn:aws:ecr:us-east-1:637423222780:repository/cloud-cost-optimizer-backend",
            "encryption_configuration": [
              {
                "encryption_type": "AES256",
                "kms_key": ""
              }
            ],
            "force_delete": null,
            "id": "cloud-cost-optimizer-backend",
            "image_scanning_configuration": [
              {
                "scan_on_push": true
              }
            ],
            "image_tag_mutability": "MUTABLE",
            "name": "cloud-cost-optimizer-backend",
            "registry_id": "637423222780",
            "repository_url": "637423222780.dkr.ecr.us-east-1.amazonaws.com/cloud-cost-optimizer-backend",
            "tags": {
              "Environment": "production",
              "Name": "cloud-cost-optimizer-backend"
            },
            "tags_all": {
              "Environment": "production",
              "Name": "cloud-cost-optimizer-backend"
            },
            "timeouts": null
          },
          "sensitive_attributes": [],
          "private": "eyJlMmJmYjczMC1lY2FhLTExZTYtOGY4OC0zNDM2M2JjN2M0YzAiOnsiZGVsZXRlIjoxMjAwMDAwMDAwMDAwfX0="
        }
      ]
    },
    {
      "mode": "managed",
      "type": "aws_ecr_repository",
      "name": "frontend",
      "provider": "provider[\"registry.terraform.io/hashicorp/aws\"]",
      "instances": [
        {
          "schema_version": 0,
          "attributes": {
            "arn": "arn:aws:ecr:us-east-1:637423222780:repository/cloud-cost-optimizer-frontend",
            "encryption_configuration": [
              {
                "encryption_type": "AES256",
                "kms_key": ""
              }
            ],
            "force_delete": null,
            "id": "cloud-cost-optimizer-frontend",
            "image_scanning_configuration": [
              {
                "scan_on_push": true
              }
            ],
            "image_tag_mutability": "MUTABLE",
            "name": "cloud-cost-optimizer-frontend",
            "registry_id": "637423222780",
            "repository_url": "637423222780.dkr.ecr.us-east-1.amazonaws.com/cloud-cost-optimizer-frontend",
            "tags": {
              "Environment": "production",
              "Name": "cloud-cost-optimizer-frontend"
            },
            "tags_all": {
              "Environment": "production",
              "Name": "cloud-cost-optimizer-frontend"
            },
            "timeouts": null
          },
          "sensitive_attributes": [],
          "private": "eyJlMmJmYjczMC1lY2FhLTExZTYtOGY4OC0zNDM2M2JjN2M0YzAiOnsiZGVsZXRlIjoxMjAwMDAwMDAwMDAwfX0="
        }
      ]
    },
    {
      "mode": "managed",
      "type": "aws_iam_policy",
      "name": "cost_optimizer",
      "provider": "provider[\"registry.terraform.io/hashicorp/aws\"]",
      "instances": [
        {
          "schema_version": 0,
          "attributes": {
            "arn": "arn:aws:iam::637423222780:policy/cloud-cost-optimizer-policy",
            "attachment_count": 0,
            "description": "Policy for Cloud Cost Optimizer application",
            "id": "arn:aws:iam::637423222780:policy/cloud-cost-optimizer-policy",
            "name": "cloud-cost-optimizer-policy",
            "name_prefix": "",
            "path": "/",
            "policy": "{\"Statement\":[{\"Action\":[\"ec2:Describe*\",\"ec2:StartInstances\",\"ec2:StopInstances\",\"ec2:ModifyInstanceAttribute\",\"rds:Describe*\",\"rds:StartDBInstance\",\"rds:StopDBInstance\",\"rds:ModifyDBInstance\",\"s3:Get*\",\"s3:List*\",\"s3:PutLifecycleConfiguration\",\"ce:GetCostAndUsage\",\"ce:GetReservationUtilization\",\"ce:GetSavingsPlanUtilization\",\"ce:GetRecommendation\"],\"Effect\":\"Allow\",\"Resource\":\"*\"}],\"Version\":\"2012-10-17\"}",
            "policy_id": "ANPAZI2LCP76IG3VM7Q5G",
            "tags": null,
            "tags_all": {}
          },
          "sensitive_attributes": [],
          "private": "bnVsbA=="
        }
      ]
    },
    {
      "mode": "managed",
      "type": "aws_iam_role",
      "name": "cost_optimizer",
      "provider": "provider[\"registry.terraform.io/hashicorp/aws\"]",
      "instances": [
        {
          "schema_version": 0,
          "attributes": {
            "arn": "arn:aws:iam::637423222780:role/cloud-cost-optimizer-role",
            "assume_role_policy": "{\"Statement\":[{\"Action\":\"sts:AssumeRoleWithWebIdentity\",\"Condition\":{\"StringEquals\":{\"oidc.eks.us-east-1.amazonaws.com/id/7EB3ADDB5F481D3B392B89B6D6F32B64:sub\":\"system:serviceaccount:cloud-cost-optimizer:cloud-cost-optimizer-sa\"}},\"Effect\":\"Allow\",\"Principal\":{\"Federated\":\"arn:aws:iam::637423222780:oidc-provider/oidc.eks.us-east-1.amazonaws.com/id/7EB3ADDB5F481D3B392B89B6D6F32B64\"}}],\"Version\":\"2012-10-17\"}",
            "create_date": "2025-05-21T23:40:33Z",
            "description": "",
            "force_detach_policies": false,
            "id": "cloud-cost-optimizer-role",
            "inline_policy": [],
            "managed_policy_arns": [],
            "max_session_duration": 3600,
            "name": "cloud-cost-optimizer-role",
            "name_prefix": "",
            "path": "/",
            "permissions_boundary": "",
            "tags": null,
            "tags_all": {},
            "unique_id": "AROAZI2LCP76NCLOJVWZ5"
          },
          "sensitive_attributes": [],
          "private": "bnVsbA==",
          "dependencies": [
            "data.aws_caller_identity.current",
            "data.aws_eks_cluster.existing"
          ]
        }
      ]
    },
    {
      "mode": "managed",
      "type": "aws_iam_role_policy_attachment",
      "name": "cost_optimizer",
      "provider": "provider[\"registry.terraform.io/hashicorp/aws\"]",
      "instances": [
        {
          "schema_version": 0,
          "attributes": {
            "id": "cloud-cost-optimizer-role-20250521234033954900000001",
            "policy_arn": "arn:aws:iam::637423222780:policy/cloud-cost-optimizer-policy",
            "role": "cloud-cost-optimizer-role"
          },
          "sensitive_attributes": [],
          "private": "bnVsbA==",
          "dependencies": [
            "aws_iam_policy.cost_optimizer",
            "aws_iam_role.cost_optimizer",
            "data.aws_caller_identity.current",
            "data.aws_eks_cluster.existing"
          ]
        }
      ]
    }
  ],
  "check_results": null
}
